PODS:
  - Capacitor (7.4.3):
    - CapacitorCordova
  - CapacitorCordova (7.4.3)
  - CapacitorGeolocation (7.1.4):
    - Capacitor
    - IONGeolocationLib (~> 1.0)
  - CapacitorPreferences (7.0.3):
    - Capacitor
  - IONGeolocationLib (1.0.2)

DEPENDENCIES:
  - "Capacitor (from `../../node_modules/@capacitor/ios`)"
  - "CapacitorCordova (from `../../node_modules/@capacitor/ios`)"
  - "CapacitorGeolocation (from `../../node_modules/@capacitor/geolocation`)"
  - "CapacitorPreferences (from `../../node_modules/@capacitor/preferences`)"

SPEC REPOS:
  trunk:
    - IONGeolocationLib

EXTERNAL SOURCES:
  Capacitor:
    :path: "../../node_modules/@capacitor/ios"
  CapacitorCordova:
    :path: "../../node_modules/@capacitor/ios"
  CapacitorGeolocation:
    :path: "../../node_modules/@capacitor/geolocation"
  CapacitorPreferences:
    :path: "../../node_modules/@capacitor/preferences"

SPEC CHECKSUMS:
  Capacitor: 28d6c01026a9a3f7156529498ec1f389a2a28dbc
  CapacitorCordova: 435121e81a2df4d0034f0fb11fcefab5104cfdb5
  CapacitorGeolocation: 32a1f849c38c72b5071de36a28ebc548ef3bb611
  CapacitorPreferences: 913eef88272c13eb6445b21e51fe8ef6635412cc
  IONGeolocationLib: adbb2a739b0ccda686d4a66f9bc05f8c4fd3d3c0

PODFILE CHECKSUM: 454bc23e1515451caa848a1e2feac3ca49ba47aa

COCOAPODS: 1.16.2
